
Microsoft Visual Studio Solution File, Format Version 12.00
# Visual Studio Version 17
VisualStudioVersion = 17.7.34018.315
MinimumVisualStudioVersion = 10.0.40219.1
Project("{FAE04EC0-301F-11D3-BF4B-00C04F79EFBC}") = "operaciones matemáticas en C# SAO AGA", "operaciones matemáticas en C# SAO AGA\operaciones matemáticas en C# SAO AGA.csproj", "{AF42B41B-ED6A-4EC7-B1EC-EDCC1D12B6C0}"
EndProject
Global
	GlobalSection(SolutionConfigurationPlatforms) = preSolution
		Debug|Any CPU = Debug|Any CPU
		Release|Any CPU = Release|Any CPU
	EndGlobalSection
	GlobalSection(ProjectConfigurationPlatforms) = postSolution
		{AF42B41B-ED6A-4EC7-B1EC-EDCC1D12B6C0}.Debug|Any CPU.ActiveCfg = Debug|Any CPU
		{AF42B41B-ED6A-4EC7-B1EC-EDCC1D12B6C0}.Debug|Any CPU.Build.0 = Debug|Any CPU
		{AF42B41B-ED6A-4EC7-B1EC-EDCC1D12B6C0}.Release|Any CPU.ActiveCfg = Release|Any CPU
		{AF42B41B-ED6A-4EC7-B1EC-EDCC1D12B6C0}.Release|Any CPU.Build.0 = Release|Any CPU
	EndGlobalSection
	GlobalSection(SolutionProperties) = preSolution
		HideSolutionNode = FALSE
	EndGlobalSection
	GlobalSection(ExtensibilityGlobals) = postSolution
		SolutionGuid = {F97D13B1-FAFB-4B51-A990-6E27BA85B851}
	EndGlobalSection
EndGlobal
