
Microsoft Visual Studio Solution File, Format Version 12.00
# Visual Studio Version 17
VisualStudioVersion = 17.7.34018.315
MinimumVisualStudioVersion = 10.0.40219.1
Project("{FAE04EC0-301F-11D3-BF4B-00C04F79EFBC}") = "Aplicación_Arreglos en C# s_a_o a_g_a", "Aplicación_Arreglos en C# s_a_o a_g_a\Aplicación_Arreglos en C# s_a_o a_g_a.csproj", "{B8C346DB-BBCF-4E4E-9E99-A40A4627FC6F}"
EndProject
Global
	GlobalSection(SolutionConfigurationPlatforms) = preSolution
		Debug|Any CPU = Debug|Any CPU
		Release|Any CPU = Release|Any CPU
	EndGlobalSection
	GlobalSection(ProjectConfigurationPlatforms) = postSolution
		{B8C346DB-BBCF-4E4E-9E99-A40A4627FC6F}.Debug|Any CPU.ActiveCfg = Debug|Any CPU
		{B8C346DB-BBCF-4E4E-9E99-A40A4627FC6F}.Debug|Any CPU.Build.0 = Debug|Any CPU
		{B8C346DB-BBCF-4E4E-9E99-A40A4627FC6F}.Release|Any CPU.ActiveCfg = Release|Any CPU
		{B8C346DB-BBCF-4E4E-9E99-A40A4627FC6F}.Release|Any CPU.Build.0 = Release|Any CPU
	EndGlobalSection
	GlobalSection(SolutionProperties) = preSolution
		HideSolutionNode = FALSE
	EndGlobalSection
	GlobalSection(ExtensibilityGlobals) = postSolution
		SolutionGuid = {6F0F57D8-E4AC-4CF2-832F-1F825EACCF4C}
	EndGlobalSection
EndGlobal
