
Microsoft Visual Studio Solution File, Format Version 12.00
# Visual Studio Version 17
VisualStudioVersion = 17.7.34018.315
MinimumVisualStudioVersion = 10.0.40219.1
Project("{FAE04EC0-301F-11D3-BF4B-00C04F79EFBC}") = "Vehicu", "Vehicu\Vehicu.csproj", "{C2935EA2-6774-43F0-9201-8DE5B316B00E}"
EndProject
Global
	GlobalSection(SolutionConfigurationPlatforms) = preSolution
		Debug|Any CPU = Debug|Any CPU
		Release|Any CPU = Release|Any CPU
	EndGlobalSection
	GlobalSection(ProjectConfigurationPlatforms) = postSolution
		{C2935EA2-6774-43F0-9201-8DE5B316B00E}.Debug|Any CPU.ActiveCfg = Debug|Any CPU
		{C2935EA2-6774-43F0-9201-8DE5B316B00E}.Debug|Any CPU.Build.0 = Debug|Any CPU
		{C2935EA2-6774-43F0-9201-8DE5B316B00E}.Release|Any CPU.ActiveCfg = Release|Any CPU
		{C2935EA2-6774-43F0-9201-8DE5B316B00E}.Release|Any CPU.Build.0 = Release|Any CPU
	EndGlobalSection
	GlobalSection(SolutionProperties) = preSolution
		HideSolutionNode = FALSE
	EndGlobalSection
	GlobalSection(ExtensibilityGlobals) = postSolution
		SolutionGuid = {9A85A350-506A-433A-BA51-DB3FBF8B6FBD}
	EndGlobalSection
EndGlobal
