
Microsoft Visual Studio Solution File, Format Version 12.00
# Visual Studio Version 17
VisualStudioVersion = 17.9.34701.34
MinimumVisualStudioVersion = 10.0.40219.1
Project("{FAE04EC0-301F-11D3-BF4B-00C04F79EFBC}") = "DiseñoUi", "DiseñoUi\DiseñoUi.csproj", "{3D9B199D-5993-4667-892B-62562297E6E1}"
EndProject
Global
	GlobalSection(SolutionConfigurationPlatforms) = preSolution
		Debug|Any CPU = Debug|Any CPU
		Release|Any CPU = Release|Any CPU
	EndGlobalSection
	GlobalSection(ProjectConfigurationPlatforms) = postSolution
		{3D9B199D-5993-4667-892B-62562297E6E1}.Debug|Any CPU.ActiveCfg = Debug|Any CPU
		{3D9B199D-5993-4667-892B-62562297E6E1}.Debug|Any CPU.Build.0 = Debug|Any CPU
		{3D9B199D-5993-4667-892B-62562297E6E1}.Release|Any CPU.ActiveCfg = Release|Any CPU
		{3D9B199D-5993-4667-892B-62562297E6E1}.Release|Any CPU.Build.0 = Release|Any CPU
	EndGlobalSection
	GlobalSection(SolutionProperties) = preSolution
		HideSolutionNode = FALSE
	EndGlobalSection
	GlobalSection(ExtensibilityGlobals) = postSolution
		SolutionGuid = {BBFD8E90-C0B1-4CB4-A121-F2914D53880C}
	EndGlobalSection
EndGlobal
